// !$*UTF8*$!
{
	archiveVersion = 1;
	classes = {
	};
	objectVersion = 51;
	objects = {

/* Begin PBXBuildFile section */
		48ECABBAE09533E2EF28238A /* Pods_TopPop.framework in Frameworks */ = {isa = PBXBuildFile; fileRef = EDCEF6F7A1E68748E8743622 /* Pods_TopPop.framework */; };
		709D58472651CCB100600986 /* AlbumDetails.storyboard in Resources */ = {isa = PBXBuildFile; fileRef = 709D58462651CCB100600986 /* AlbumDetails.storyboard */; };
		70AA58A1264E92A6009CD559 /* AppDelegate.swift in Sources */ = {isa = PBXBuildFile; fileRef = 70AA58A0264E92A6009CD559 /* AppDelegate.swift */; };
		70AA58A3264E92A6009CD559 /* SceneDelegate.swift in Sources */ = {isa = PBXBuildFile; fileRef = 70AA58A2264E92A6009CD559 /* SceneDelegate.swift */; };
		70AA58A5264E92A6009CD559 /* ChartViewController.swift in Sources */ = {isa = PBXBuildFile; fileRef = 70AA58A4264E92A6009CD559 /* ChartViewController.swift */; };
		70AA58A8264E92A6009CD559 /* Main.storyboard in Resources */ = {isa = PBXBuildFile; fileRef = 70AA58A6264E92A6009CD559 /* Main.storyboard */; };
		70AA58AA264E92A9009CD559 /* Assets.xcassets in Resources */ = {isa = PBXBuildFile; fileRef = 70AA58A9264E92A9009CD559 /* Assets.xcassets */; };
		70AA58AD264E92A9009CD559 /* LaunchScreen.storyboard in Resources */ = {isa = PBXBuildFile; fileRef = 70AA58AB264E92A9009CD559 /* LaunchScreen.storyboard */; };
		70AA58B5264E965E009CD559 /* Track.swift in Sources */ = {isa = PBXBuildFile; fileRef = 70AA58B4264E965E009CD559 /* Track.swift */; };
		70AA58B8264E9738009CD559 /* Artist.swift in Sources */ = {isa = PBXBuildFile; fileRef = 70AA58B7264E9738009CD559 /* Artist.swift */; };
		70AA58BA264E973F009CD559 /* Album.swift in Sources */ = {isa = PBXBuildFile; fileRef = 70AA58B9264E973F009CD559 /* Album.swift */; };
		70AA58BC264E98CE009CD559 /* TracksResponse.swift in Sources */ = {isa = PBXBuildFile; fileRef = 70AA58BB264E98CE009CD559 /* TracksResponse.swift */; };
		70AA58BE264E99E5009CD559 /* TracksData.swift in Sources */ = {isa = PBXBuildFile; fileRef = 70AA58BD264E99E5009CD559 /* TracksData.swift */; };
		70AA58C1264E9B23009CD559 /* WebService.swift in Sources */ = {isa = PBXBuildFile; fileRef = 70AA58C0264E9B23009CD559 /* WebService.swift */; };
		70AA58C3264E9B32009CD559 /* Network.swift in Sources */ = {isa = PBXBuildFile; fileRef = 70AA58C2264E9B32009CD559 /* Network.swift */; };
		70AA58C5264EA1F1009CD559 /* AlbumResponse.swift in Sources */ = {isa = PBXBuildFile; fileRef = 70AA58C4264EA1F1009CD559 /* AlbumResponse.swift */; };
		70D6039B26517B4500F53885 /* ChartTableViewCell.swift in Sources */ = {isa = PBXBuildFile; fileRef = 70D6039A26517B4500F53885 /* ChartTableViewCell.swift */; };
		70D6039E26517D1600F53885 /* StringExtensions.swift in Sources */ = {isa = PBXBuildFile; fileRef = 70D6039D26517D1600F53885 /* StringExtensions.swift */; };
		70D603A0265186D200F53885 /* UIImageViewExtensions.swift in Sources */ = {isa = PBXBuildFile; fileRef = 70D6039F265186D200F53885 /* UIImageViewExtensions.swift */; };
		70E243792651CE6C002FA028 /* AlbumDetailsViewController.swift in Sources */ = {isa = PBXBuildFile; fileRef = 70E243782651CE6C002FA028 /* AlbumDetailsViewController.swift */; };
/* End PBXBuildFile section */

/* Begin PBXFileReference section */
		16A490E47A864B4BA8F2F1E5 /* Pods-TopPop.release.xcconfig */ = {isa = PBXFileReference; includeInIndex = 1; lastKnownFileType = text.xcconfig; name = "Pods-TopPop.release.xcconfig"; path = "Target Support Files/Pods-TopPop/Pods-TopPop.release.xcconfig"; sourceTree = "<group>"; };
		709D58462651CCB100600986 /* AlbumDetails.storyboard */ = {isa = PBXFileReference; lastKnownFileType = file.storyboard; path = AlbumDetails.storyboard; sourceTree = "<group>"; };
		70AA589D264E92A6009CD559 /* TopPop.app */ = {isa = PBXFileReference; explicitFileType = wrapper.application; includeInIndex = 0; path = TopPop.app; sourceTree = BUILT_PRODUCTS_DIR; };
		70AA58A0264E92A6009CD559 /* AppDelegate.swift */ = {isa = PBXFileReference; lastKnownFileType = sourcecode.swift; path = AppDelegate.swift; sourceTree = "<group>"; };
		70AA58A2264E92A6009CD559 /* SceneDelegate.swift */ = {isa = PBXFileReference; lastKnownFileType = sourcecode.swift; path = SceneDelegate.swift; sourceTree = "<group>"; };
		70AA58A4264E92A6009CD559 /* ChartViewController.swift */ = {isa = PBXFileReference; lastKnownFileType = sourcecode.swift; path = ChartViewController.swift; sourceTree = "<group>"; };
		70AA58A7264E92A6009CD559 /* Base */ = {isa = PBXFileReference; lastKnownFileType = file.storyboard; name = Base; path = Base.lproj/Main.storyboard; sourceTree = "<group>"; };
		70AA58A9264E92A9009CD559 /* Assets.xcassets */ = {isa = PBXFileReference; lastKnownFileType = folder.assetcatalog; path = Assets.xcassets; sourceTree = "<group>"; };
		70AA58AC264E92A9009CD559 /* Base */ = {isa = PBXFileReference; lastKnownFileType = file.storyboard; name = Base; path = Base.lproj/LaunchScreen.storyboard; sourceTree = "<group>"; };
		70AA58AE264E92A9009CD559 /* Info.plist */ = {isa = PBXFileReference; lastKnownFileType = text.plist.xml; path = Info.plist; sourceTree = "<group>"; };
		70AA58B4264E965E009CD559 /* Track.swift */ = {isa = PBXFileReference; lastKnownFileType = sourcecode.swift; path = Track.swift; sourceTree = "<group>"; };
		70AA58B7264E9738009CD559 /* Artist.swift */ = {isa = PBXFileReference; lastKnownFileType = sourcecode.swift; path = Artist.swift; sourceTree = "<group>"; };
		70AA58B9264E973F009CD559 /* Album.swift */ = {isa = PBXFileReference; lastKnownFileType = sourcecode.swift; path = Album.swift; sourceTree = "<group>"; };
		70AA58BB264E98CE009CD559 /* TracksResponse.swift */ = {isa = PBXFileReference; lastKnownFileType = sourcecode.swift; path = TracksResponse.swift; sourceTree = "<group>"; };
		70AA58BD264E99E5009CD559 /* TracksData.swift */ = {isa = PBXFileReference; lastKnownFileType = sourcecode.swift; path = TracksData.swift; sourceTree = "<group>"; };
		70AA58C0264E9B23009CD559 /* WebService.swift */ = {isa = PBXFileReference; lastKnownFileType = sourcecode.swift; path = WebService.swift; sourceTree = "<group>"; };
		70AA58C2264E9B32009CD559 /* Network.swift */ = {isa = PBXFileReference; lastKnownFileType = sourcecode.swift; path = Network.swift; sourceTree = "<group>"; };
		70AA58C4264EA1F1009CD559 /* AlbumResponse.swift */ = {isa = PBXFileReference; lastKnownFileType = sourcecode.swift; path = AlbumResponse.swift; sourceTree = "<group>"; };
		70D6039A26517B4500F53885 /* ChartTableViewCell.swift */ = {isa = PBXFileReference; lastKnownFileType = sourcecode.swift; path = ChartTableViewCell.swift; sourceTree = "<group>"; };
		70D6039D26517D1600F53885 /* StringExtensions.swift */ = {isa = PBXFileReference; lastKnownFileType = sourcecode.swift; path = StringExtensions.swift; sourceTree = "<group>"; };
		70D6039F265186D200F53885 /* UIImageViewExtensions.swift */ = {isa = PBXFileReference; lastKnownFileType = sourcecode.swift; path = UIImageViewExtensions.swift; sourceTree = "<group>"; };
		70E243782651CE6C002FA028 /* AlbumDetailsViewController.swift */ = {isa = PBXFileReference; lastKnownFileType = sourcecode.swift; path = AlbumDetailsViewController.swift; sourceTree = "<group>"; };
		AC5D8F47DF64E644EF4BD8C2 /* Pods-TopPop.debug.xcconfig */ = {isa = PBXFileReference; includeInIndex = 1; lastKnownFileType = text.xcconfig; name = "Pods-TopPop.debug.xcconfig"; path = "Target Support Files/Pods-TopPop/Pods-TopPop.debug.xcconfig"; sourceTree = "<group>"; };
		EDCEF6F7A1E68748E8743622 /* Pods_TopPop.framework */ = {isa = PBXFileReference; explicitFileType = wrapper.framework; includeInIndex = 0; path = Pods_TopPop.framework; sourceTree = BUILT_PRODUCTS_DIR; };
/* End PBXFileReference section */

/* Begin PBXFrameworksBuildPhase section */
		70AA589A264E92A6009CD559 /* Frameworks */ = {
			isa = PBXFrameworksBuildPhase;
			buildActionMask = 2147483647;
			files = (
				48ECABBAE09533E2EF28238A /* Pods_TopPop.framework in Frameworks */,
			);
			runOnlyForDeploymentPostprocessing = 0;
		};
/* End PBXFrameworksBuildPhase section */

/* Begin PBXGroup section */
		709D58442651CC5100600986 /* Screens */ = {
			isa = PBXGroup;
			children = (
				70AA58A6264E92A6009CD559 /* Main.storyboard */,
				709D58462651CCB100600986 /* AlbumDetails.storyboard */,
			);
			path = Screens;
			sourceTree = "<group>";
		};
		709D58452651CC5B00600986 /* ViewControllers */ = {
			isa = PBXGroup;
			children = (
				70AA58A4264E92A6009CD559 /* ChartViewController.swift */,
				70E243782651CE6C002FA028 /* AlbumDetailsViewController.swift */,
			);
			path = ViewControllers;
			sourceTree = "<group>";
		};
		70AA5894264E92A6009CD559 = {
			isa = PBXGroup;
			children = (
				70AA589F264E92A6009CD559 /* TopPop */,
				70AA589E264E92A6009CD559 /* Products */,
				F0BC2241F0F47BE7D55A5557 /* Pods */,
				A1A8CB220DBD9D24884BFE25 /* Frameworks */,
			);
			sourceTree = "<group>";
		};
		70AA589E264E92A6009CD559 /* Products */ = {
			isa = PBXGroup;
			children = (
				70AA589D264E92A6009CD559 /* TopPop.app */,
			);
			name = Products;
			sourceTree = "<group>";
		};
		70AA589F264E92A6009CD559 /* TopPop */ = {
			isa = PBXGroup;
			children = (
				70D6039C26517D0700F53885 /* Extensions */,
				70D6039926517B1A00F53885 /* ChartTableViewCell */,
				70AA58BF264E9AE2009CD559 /* Networking */,
				70AA58B6264E966D009CD559 /* Model */,
				709D58452651CC5B00600986 /* ViewControllers */,
				709D58442651CC5100600986 /* Screens */,
				70AA58A0264E92A6009CD559 /* AppDelegate.swift */,
				70AA58A2264E92A6009CD559 /* SceneDelegate.swift */,
				70AA58A9264E92A9009CD559 /* Assets.xcassets */,
				70AA58AB264E92A9009CD559 /* LaunchScreen.storyboard */,
				70AA58AE264E92A9009CD559 /* Info.plist */,
			);
			path = TopPop;
			sourceTree = "<group>";
		};
		70AA58B6264E966D009CD559 /* Model */ = {
			isa = PBXGroup;
			children = (
				70AA58B9264E973F009CD559 /* Album.swift */,
				70AA58C4264EA1F1009CD559 /* AlbumResponse.swift */,
				70AA58B7264E9738009CD559 /* Artist.swift */,
				70AA58B4264E965E009CD559 /* Track.swift */,
				70AA58BD264E99E5009CD559 /* TracksData.swift */,
				70AA58BB264E98CE009CD559 /* TracksResponse.swift */,
			);
			path = Model;
			sourceTree = "<group>";
		};
		70AA58BF264E9AE2009CD559 /* Networking */ = {
			isa = PBXGroup;
			children = (
				70AA58C2264E9B32009CD559 /* Network.swift */,
				70AA58C0264E9B23009CD559 /* WebService.swift */,
			);
			path = Networking;
			sourceTree = "<group>";
		};
		70D6039926517B1A00F53885 /* ChartTableViewCell */ = {
			isa = PBXGroup;
			children = (
				70D6039A26517B4500F53885 /* ChartTableViewCell.swift */,
			);
			path = ChartTableViewCell;
			sourceTree = "<group>";
		};
		70D6039C26517D0700F53885 /* Extensions */ = {
			isa = PBXGroup;
			children = (
				70D6039D26517D1600F53885 /* StringExtensions.swift */,
				70D6039F265186D200F53885 /* UIImageViewExtensions.swift */,
			);
			path = Extensions;
			sourceTree = "<group>";
		};
		A1A8CB220DBD9D24884BFE25 /* Frameworks */ = {
			isa = PBXGroup;
			children = (
				EDCEF6F7A1E68748E8743622 /* Pods_TopPop.framework */,
			);
			name = Frameworks;
			sourceTree = "<group>";
		};
		F0BC2241F0F47BE7D55A5557 /* Pods */ = {
			isa = PBXGroup;
			children = (
				AC5D8F47DF64E644EF4BD8C2 /* Pods-TopPop.debug.xcconfig */,
				16A490E47A864B4BA8F2F1E5 /* Pods-TopPop.release.xcconfig */,
			);
			path = Pods;
			sourceTree = "<group>";
		};
/* End PBXGroup section */

/* Begin PBXNativeTarget section */
		70AA589C264E92A6009CD559 /* TopPop */ = {
			isa = PBXNativeTarget;
			buildConfigurationList = 70AA58B1264E92A9009CD559 /* Build configuration list for PBXNativeTarget "TopPop" */;
			buildPhases = (
				BDD815DD54FBFE101924C267 /* [CP] Check Pods Manifest.lock */,
				70AA5899264E92A6009CD559 /* Sources */,
				70AA589A264E92A6009CD559 /* Frameworks */,
				70AA589B264E92A6009CD559 /* Resources */,
				7692C553002695D493F89F46 /* [CP] Embed Pods Frameworks */,
			);
			buildRules = (
			);
			dependencies = (
			);
			name = TopPop;
			productName = TopPop;
			productReference = 70AA589D264E92A6009CD559 /* TopPop.app */;
			productType = "com.apple.product-type.application";
		};
/* End PBXNativeTarget section */

/* Begin PBXProject section */
		70AA5895264E92A6009CD559 /* Project object */ = {
			isa = PBXProject;
			attributes = {
				LastSwiftUpdateCheck = 1250;
				LastUpgradeCheck = 1250;
				TargetAttributes = {
					70AA589C264E92A6009CD559 = {
						CreatedOnToolsVersion = 12.5;
					};
				};
			};
			buildConfigurationList = 70AA5898264E92A6009CD559 /* Build configuration list for PBXProject "TopPop" */;
			compatibilityVersion = "Xcode 9.3";
			developmentRegion = en;
			hasScannedForEncodings = 0;
			knownRegions = (
				en,
				Base,
			);
			mainGroup = 70AA5894264E92A6009CD559;
			productRefGroup = 70AA589E264E92A6009CD559 /* Products */;
			projectDirPath = "";
			projectRoot = "";
			targets = (
				70AA589C264E92A6009CD559 /* TopPop */,
			);
		};
/* End PBXProject section */

/* Begin PBXResourcesBuildPhase section */
		70AA589B264E92A6009CD559 /* Resources */ = {
			isa = PBXResourcesBuildPhase;
			buildActionMask = 2147483647;
			files = (
				70AA58AD264E92A9009CD559 /* LaunchScreen.storyboard in Resources */,
				709D58472651CCB100600986 /* AlbumDetails.storyboard in Resources */,
				70AA58AA264E92A9009CD559 /* Assets.xcassets in Resources */,
				70AA58A8264E92A6009CD559 /* Main.storyboard in Resources */,
			);
			runOnlyForDeploymentPostprocessing = 0;
		};
/* End PBXResourcesBuildPhase section */

/* Begin PBXShellScriptBuildPhase section */
		7692C553002695D493F89F46 /* [CP] Embed Pods Frameworks */ = {
			isa = PBXShellScriptBuildPhase;
			buildActionMask = 2147483647;
			files = (
			);
			inputFileListPaths = (
				"${PODS_ROOT}/Target Support Files/Pods-TopPop/Pods-TopPop-frameworks-${CONFIGURATION}-input-files.xcfilelist",
			);
			name = "[CP] Embed Pods Frameworks";
			outputFileListPaths = (
				"${PODS_ROOT}/Target Support Files/Pods-TopPop/Pods-TopPop-frameworks-${CONFIGURATION}-output-files.xcfilelist",
			);
			runOnlyForDeploymentPostprocessing = 0;
			shellPath = /bin/sh;
			shellScript = "\"${PODS_ROOT}/Target Support Files/Pods-TopPop/Pods-TopPop-frameworks.sh\"\n";
			showEnvVarsInLog = 0;
		};
		BDD815DD54FBFE101924C267 /* [CP] Check Pods Manifest.lock */ = {
			isa = PBXShellScriptBuildPhase;
			buildActionMask = 2147483647;
			files = (
			);
			inputFileListPaths = (
			);
			inputPaths = (
				"${PODS_PODFILE_DIR_PATH}/Podfile.lock",
				"${PODS_ROOT}/Manifest.lock",
			);
			name = "[CP] Check Pods Manifest.lock";
			outputFileListPaths = (
			);
			outputPaths = (
				"$(DERIVED_FILE_DIR)/Pods-TopPop-checkManifestLockResult.txt",
			);
			runOnlyForDeploymentPostprocessing = 0;
			shellPath = /bin/sh;
			shellScript = "diff \"${PODS_PODFILE_DIR_PATH}/Podfile.lock\" \"${PODS_ROOT}/Manifest.lock\" > /dev/null\nif [ $? != 0 ] ; then\n    # print error to STDERR\n    echo \"error: The sandbox is not in sync with the Podfile.lock. Run 'pod install' or update your CocoaPods installation.\" >&2\n    exit 1\nfi\n# This output is used by Xcode 'outputs' to avoid re-running this script phase.\necho \"SUCCESS\" > \"${SCRIPT_OUTPUT_FILE_0}\"\n";
			showEnvVarsInLog = 0;
		};
/* End PBXShellScriptBuildPhase section */

/* Begin PBXSourcesBuildPhase section */
		70AA5899264E92A6009CD559 /* Sources */ = {
			isa = PBXSourcesBuildPhase;
			buildActionMask = 2147483647;
			files = (
				70D603A0265186D200F53885 /* UIImageViewExtensions.swift in Sources */,
				70D6039B26517B4500F53885 /* ChartTableViewCell.swift in Sources */,
				70AA58C3264E9B32009CD559 /* Network.swift in Sources */,
				70AA58C1264E9B23009CD559 /* WebService.swift in Sources */,
				70AA58A5264E92A6009CD559 /* ChartViewController.swift in Sources */,
				70AA58A1264E92A6009CD559 /* AppDelegate.swift in Sources */,
				70AA58BC264E98CE009CD559 /* TracksResponse.swift in Sources */,
				70E243792651CE6C002FA028 /* AlbumDetailsViewController.swift in Sources */,
				70AA58A3264E92A6009CD559 /* SceneDelegate.swift in Sources */,
				70AA58B8264E9738009CD559 /* Artist.swift in Sources */,
				70AA58C5264EA1F1009CD559 /* AlbumResponse.swift in Sources */,
				70AA58BE264E99E5009CD559 /* TracksData.swift in Sources */,
				70AA58B5264E965E009CD559 /* Track.swift in Sources */,
				70D6039E26517D1600F53885 /* StringExtensions.swift in Sources */,
				70AA58BA264E973F009CD559 /* Album.swift in Sources */,
			);
			runOnlyForDeploymentPostprocessing = 0;
		};
/* End PBXSourcesBuildPhase section */

/* Begin PBXVariantGroup section */
		70AA58A6264E92A6009CD559 /* Main.storyboard */ = {
			isa = PBXVariantGroup;
			children = (
				70AA58A7264E92A6009CD559 /* Base */,
			);
			name = Main.storyboard;
			sourceTree = "<group>";
		};
		70AA58AB264E92A9009CD559 /* LaunchScreen.storyboard */ = {
			isa = PBXVariantGroup;
			children = (
				70AA58AC264E92A9009CD559 /* Base */,
			);
			name = LaunchScreen.storyboard;
			sourceTree = "<group>";
		};
/* End PBXVariantGroup section */

/* Begin XCBuildConfiguration section */
		70AA58AF264E92A9009CD559 /* Debug */ = {
			isa = XCBuildConfiguration;
			buildSettings = {
				ALWAYS_SEARCH_USER_PATHS = NO;
				CLANG_ANALYZER_NONNULL = YES;
				CLANG_ANALYZER_NUMBER_OBJECT_CONVERSION = YES_AGGRESSIVE;
				CLANG_CXX_LANGUAGE_STANDARD = "gnu++14";
				CLANG_CXX_LIBRARY = "libc++";
				CLANG_ENABLE_MODULES = YES;
				CLANG_ENABLE_OBJC_ARC = YES;
				CLANG_ENABLE_OBJC_WEAK = YES;
				CLANG_WARN_BLOCK_CAPTURE_AUTORELEASING = YES;
				CLANG_WARN_BOOL_CONVERSION = YES;
				CLANG_WARN_COMMA = YES;
				CLANG_WARN_CONSTANT_CONVERSION = YES;
				CLANG_WARN_DEPRECATED_OBJC_IMPLEMENTATIONS = YES;
				CLANG_WARN_DIRECT_OBJC_ISA_USAGE = YES_ERROR;
				CLANG_WARN_DOCUMENTATION_COMMENTS = YES;
				CLANG_WARN_EMPTY_BODY = YES;
				CLANG_WARN_ENUM_CONVERSION = YES;
				CLANG_WARN_INFINITE_RECURSION = YES;
				CLANG_WARN_INT_CONVERSION = YES;
				CLANG_WARN_NON_LITERAL_NULL_CONVERSION = YES;
				CLANG_WARN_OBJC_IMPLICIT_RETAIN_SELF = YES;
				CLANG_WARN_OBJC_LITERAL_CONVERSION = YES;
				CLANG_WARN_OBJC_ROOT_CLASS = YES_ERROR;
				CLANG_WARN_QUOTED_INCLUDE_IN_FRAMEWORK_HEADER = YES;
				CLANG_WARN_RANGE_LOOP_ANALYSIS = YES;
				CLANG_WARN_STRICT_PROTOTYPES = YES;
				CLANG_WARN_SUSPICIOUS_MOVE = YES;
				CLANG_WARN_UNGUARDED_AVAILABILITY = YES_AGGRESSIVE;
				CLANG_WARN_UNREACHABLE_CODE = YES;
				CLANG_WARN__DUPLICATE_METHOD_MATCH = YES;
				COPY_PHASE_STRIP = NO;
				DEBUG_INFORMATION_FORMAT = dwarf;
				ENABLE_STRICT_OBJC_MSGSEND = YES;
				ENABLE_TESTABILITY = YES;
				GCC_C_LANGUAGE_STANDARD = gnu11;
				GCC_DYNAMIC_NO_PIC = NO;
				GCC_NO_COMMON_BLOCKS = YES;
				GCC_OPTIMIZATION_LEVEL = 0;
				GCC_PREPROCESSOR_DEFINITIONS = (
					"DEBUG=1",
					"$(inherited)",
				);
				GCC_WARN_64_TO_32_BIT_CONVERSION = YES;
				GCC_WARN_ABOUT_RETURN_TYPE = YES_ERROR;
				GCC_WARN_UNDECLARED_SELECTOR = YES;
				GCC_WARN_UNINITIALIZED_AUTOS = YES_AGGRESSIVE;
				GCC_WARN_UNUSED_FUNCTION = YES;
				GCC_WARN_UNUSED_VARIABLE = YES;
				IPHONEOS_DEPLOYMENT_TARGET = 14.5;
				MTL_ENABLE_DEBUG_INFO = INCLUDE_SOURCE;
				MTL_FAST_MATH = YES;
				ONLY_ACTIVE_ARCH = YES;
				SDKROOT = iphoneos;
				SWIFT_ACTIVE_COMPILATION_CONDITIONS = DEBUG;
				SWIFT_OPTIMIZATION_LEVEL = "-Onone";
			};
			name = Debug;
		};
		70AA58B0264E92A9009CD559 /* Release */ = {
			isa = XCBuildConfiguration;
			buildSettings = {
				ALWAYS_SEARCH_USER_PATHS = NO;
				CLANG_ANALYZER_NONNULL = YES;
				CLANG_ANALYZER_NUMBER_OBJECT_CONVERSION = YES_AGGRESSIVE;
				CLANG_CXX_LANGUAGE_STANDARD = "gnu++14";
				CLANG_CXX_LIBRARY = "libc++";
				CLANG_ENABLE_MODULES = YES;
				CLANG_ENABLE_OBJC_ARC = YES;
				CLANG_ENABLE_OBJC_WEAK = YES;
				CLANG_WARN_BLOCK_CAPTURE_AUTORELEASING = YES;
				CLANG_WARN_BOOL_CONVERSION = YES;
				CLANG_WARN_COMMA = YES;
				CLANG_WARN_CONSTANT_CONVERSION = YES;
				CLANG_WARN_DEPRECATED_OBJC_IMPLEMENTATIONS = YES;
				CLANG_WARN_DIRECT_OBJC_ISA_USAGE = YES_ERROR;
				CLANG_WARN_DOCUMENTATION_COMMENTS = YES;
				CLANG_WARN_EMPTY_BODY = YES;
				CLANG_WARN_ENUM_CONVERSION = YES;
				CLANG_WARN_INFINITE_RECURSION = YES;
				CLANG_WARN_INT_CONVERSION = YES;
				CLANG_WARN_NON_LITERAL_NULL_CONVERSION = YES;
				CLANG_WARN_OBJC_IMPLICIT_RETAIN_SELF = YES;
				CLANG_WARN_OBJC_LITERAL_CONVERSION = YES;
				CLANG_WARN_OBJC_ROOT_CLASS = YES_ERROR;
				CLANG_WARN_QUOTED_INCLUDE_IN_FRAMEWORK_HEADER = YES;
				CLANG_WARN_RANGE_LOOP_ANALYSIS = YES;
				CLANG_WARN_STRICT_PROTOTYPES = YES;
				CLANG_WARN_SUSPICIOUS_MOVE = YES;
				CLANG_WARN_UNGUARDED_AVAILABILITY = YES_AGGRESSIVE;
				CLANG_WARN_UNREACHABLE_CODE = YES;
				CLANG_WARN__DUPLICATE_METHOD_MATCH = YES;
				COPY_PHASE_STRIP = NO;
				DEBUG_INFORMATION_FORMAT = "dwarf-with-dsym";
				ENABLE_NS_ASSERTIONS = NO;
				ENABLE_STRICT_OBJC_MSGSEND = YES;
				GCC_C_LANGUAGE_STANDARD = gnu11;
				GCC_NO_COMMON_BLOCKS = YES;
				GCC_WARN_64_TO_32_BIT_CONVERSION = YES;
				GCC_WARN_ABOUT_RETURN_TYPE = YES_ERROR;
				GCC_WARN_UNDECLARED_SELECTOR = YES;
				GCC_WARN_UNINITIALIZED_AUTOS = YES_AGGRESSIVE;
				GCC_WARN_UNUSED_FUNCTION = YES;
				GCC_WARN_UNUSED_VARIABLE = YES;
				IPHONEOS_DEPLOYMENT_TARGET = 14.5;
				MTL_ENABLE_DEBUG_INFO = NO;
				MTL_FAST_MATH = YES;
				SDKROOT = iphoneos;
				SWIFT_COMPILATION_MODE = wholemodule;
				SWIFT_OPTIMIZATION_LEVEL = "-O";
				VALIDATE_PRODUCT = YES;
			};
			name = Release;
		};
		70AA58B2264E92A9009CD559 /* Debug */ = {
			isa = XCBuildConfiguration;
			baseConfigurationReference = AC5D8F47DF64E644EF4BD8C2 /* Pods-TopPop.debug.xcconfig */;
			buildSettings = {
				ASSETCATALOG_COMPILER_APPICON_NAME = AppIcon;
				ASSETCATALOG_COMPILER_GLOBAL_ACCENT_COLOR_NAME = AccentColor;
				CODE_SIGN_STYLE = Automatic;
				DEVELOPMENT_TEAM = 4KC5LNQ77T;
				INFOPLIST_FILE = TopPop/Info.plist;
				IPHONEOS_DEPLOYMENT_TARGET = 13.2;
				LD_RUNPATH_SEARCH_PATHS = (
					"$(inherited)",
					"@executable_path/Frameworks",
				);
				PRODUCT_BUNDLE_IDENTIFIER = co.thr.toppop.TopPop;
				PRODUCT_NAME = "$(TARGET_NAME)";
				SWIFT_VERSION = 5.0;
				TARGETED_DEVICE_FAMILY = "1,2";
			};
			name = Debug;
		};
		70AA58B3264E92A9009CD559 /* Release */ = {
			isa = XCBuildConfiguration;
			baseConfigurationReference = 16A490E47A864B4BA8F2F1E5 /* Pods-TopPop.release.xcconfig */;
			buildSettings = {
				ASSETCATALOG_COMPILER_APPICON_NAME = AppIcon;
				ASSETCATALOG_COMPILER_GLOBAL_ACCENT_COLOR_NAME = AccentColor;
				CODE_SIGN_STYLE = Automatic;
				DEVELOPMENT_TEAM = 4KC5LNQ77T;
				INFOPLIST_FILE = TopPop/Info.plist;
				IPHONEOS_DEPLOYMENT_TARGET = 13.2;
				LD_RUNPATH_SEARCH_PATHS = (
					"$(inherited)",
					"@executable_path/Frameworks",
				);
				PRODUCT_BUNDLE_IDENTIFIER = co.thr.toppop.TopPop;
				PRODUCT_NAME = "$(TARGET_NAME)";
				SWIFT_VERSION = 5.0;
				TARGETED_DEVICE_FAMILY = "1,2";
			};
			name = Release;
		};
/* End XCBuildConfiguration section */

/* Begin XCConfigurationList section */
		70AA5898264E92A6009CD559 /* Build configuration list for PBXProject "TopPop" */ = {
			isa = XCConfigurationList;
			buildConfigurations = (
				70AA58AF264E92A9009CD559 /* Debug */,
				70AA58B0264E92A9009CD559 /* Release */,
			);
			defaultConfigurationIsVisible = 0;
			defaultConfigurationName = Release;
		};
		70AA58B1264E92A9009CD559 /* Build configuration list for PBXNativeTarget "TopPop" */ = {
			isa = XCConfigurationList;
			buildConfigurations = (
				70AA58B2264E92A9009CD559 /* Debug */,
				70AA58B3264E92A9009CD559 /* Release */,
			);
			defaultConfigurationIsVisible = 0;
			defaultConfigurationName = Release;
		};
/* End XCConfigurationList section */
	};
	rootObject = 70AA5895264E92A6009CD559 /* Project object */;
}
